
Microsoft Visual Studio Solution File, Format Version 12.00
# Visual Studio Version 17
VisualStudioVersion = 17.10.35013.160
MinimumVisualStudioVersion = 10.0.40219.1
Project("{9A19103F-16F7-4668-BE54-9A1E7A4F7556}") = "WebApplication1", "WebApplication1\WebApplication1.csproj", "{3C15685E-06AD-495D-8FEB-87F368E123F5}"
EndProject
Project("{00D1A9C2-B5F0-4AF3-8072-F6C62B433612}") = "IdentityDB", "Database1\IdentityDB.sqlproj", "{2F2D20CE-3403-45D2-A8B9-535CBC6C8B0F}"
EndProject
Project("{00D1A9C2-B5F0-4AF3-8072-F6C62B433612}") = "TenantDB", "TenantDB\TenantDB.sqlproj", "{320A48B1-1335-44F6-855C-DFB4734ABA31}"
EndProject
Project("{FAE04EC0-301F-11D3-BF4B-00C04F79EFBC}") = "WebEdmxModels", "WebEdmxModels\WebEdmxModels.csproj", "{D990ECCC-8237-4E40-AE2B-5D45B9E7E6F1}"
EndProject
Global
	GlobalSection(SolutionConfigurationPlatforms) = preSolution
		Debug|Any CPU = Debug|Any CPU
		Release|Any CPU = Release|Any CPU
	EndGlobalSection
	GlobalSection(ProjectConfigurationPlatforms) = postSolution
		{3C15685E-06AD-495D-8FEB-87F368E123F5}.Debug|Any CPU.ActiveCfg = Debug|Any CPU
		{3C15685E-06AD-495D-8FEB-87F368E123F5}.Debug|Any CPU.Build.0 = Debug|Any CPU
		{3C15685E-06AD-495D-8FEB-87F368E123F5}.Release|Any CPU.ActiveCfg = Release|Any CPU
		{3C15685E-06AD-495D-8FEB-87F368E123F5}.Release|Any CPU.Build.0 = Release|Any CPU
		{2F2D20CE-3403-45D2-A8B9-535CBC6C8B0F}.Debug|Any CPU.ActiveCfg = Debug|Any CPU
		{2F2D20CE-3403-45D2-A8B9-535CBC6C8B0F}.Debug|Any CPU.Build.0 = Debug|Any CPU
		{2F2D20CE-3403-45D2-A8B9-535CBC6C8B0F}.Debug|Any CPU.Deploy.0 = Debug|Any CPU
		{2F2D20CE-3403-45D2-A8B9-535CBC6C8B0F}.Release|Any CPU.ActiveCfg = Release|Any CPU
		{2F2D20CE-3403-45D2-A8B9-535CBC6C8B0F}.Release|Any CPU.Build.0 = Release|Any CPU
		{2F2D20CE-3403-45D2-A8B9-535CBC6C8B0F}.Release|Any CPU.Deploy.0 = Release|Any CPU
		{320A48B1-1335-44F6-855C-DFB4734ABA31}.Debug|Any CPU.ActiveCfg = Debug|Any CPU
		{320A48B1-1335-44F6-855C-DFB4734ABA31}.Debug|Any CPU.Build.0 = Debug|Any CPU
		{320A48B1-1335-44F6-855C-DFB4734ABA31}.Debug|Any CPU.Deploy.0 = Debug|Any CPU
		{320A48B1-1335-44F6-855C-DFB4734ABA31}.Release|Any CPU.ActiveCfg = Release|Any CPU
		{320A48B1-1335-44F6-855C-DFB4734ABA31}.Release|Any CPU.Build.0 = Release|Any CPU
		{320A48B1-1335-44F6-855C-DFB4734ABA31}.Release|Any CPU.Deploy.0 = Release|Any CPU
		{D990ECCC-8237-4E40-AE2B-5D45B9E7E6F1}.Debug|Any CPU.ActiveCfg = Debug|Any CPU
		{D990ECCC-8237-4E40-AE2B-5D45B9E7E6F1}.Debug|Any CPU.Build.0 = Debug|Any CPU
		{D990ECCC-8237-4E40-AE2B-5D45B9E7E6F1}.Release|Any CPU.ActiveCfg = Release|Any CPU
		{D990ECCC-8237-4E40-AE2B-5D45B9E7E6F1}.Release|Any CPU.Build.0 = Release|Any CPU
	EndGlobalSection
	GlobalSection(SolutionProperties) = preSolution
		HideSolutionNode = FALSE
	EndGlobalSection
	GlobalSection(ExtensibilityGlobals) = postSolution
		SolutionGuid = {F69A4324-3861-4277-A4DD-7DB39F1C712E}
	EndGlobalSection
EndGlobal
